# @generated by Move, please check-in and do not edit manually.

[move]
version = 3
manifest_digest = "1F14955D97813E8D622A2F6585EE1D0097E2E702A53A73269955165261E9F4FD"
deps_digest = "F8BBB0CCB2491CA29A3DF03D6F92277A4F3574266507ACD77214D37ECA3F3082"
dependencies = [
  { id = "Iota", name = "Iota" },
]

[[move.package]]
id = "Iota"
source = { git = "https://github.com/iotaledger/iota.git", rev = "framework/testnet", subdir = "crates/iota-framework/packages/iota-framework" }

dependencies = [
  { id = "MoveStdlib", name = "MoveStdlib" },
]

[[move.package]]
id = "MoveStdlib"
source = { git = "https://github.com/iotaledger/iota.git", rev = "framework/testnet", subdir = "crates\\iota-framework\\packages\\move-stdlib" }

[move.toolchain-version]
compiler-version = "1.17.2"
edition = "2024.beta"
flavor = "iota"

[env]

[env.testnet]
chain-id = "2304aa97"
original-published-id = "0x4991dbb186664695dad709a11e327e838fb48c1b9c715aef63a054f0638a2461"
latest-published-id = "0x4991dbb186664695dad709a11e327e838fb48c1b9c715aef63a054f0638a2461"
published-version = "1"
